
Microsoft Visual Studio Solution File, Format Version 12.00
# Visual Studio 15
VisualStudioVersion = 15.0.27703.2018
MinimumVisualStudioVersion = 10.0.40219.1
Project("{FAE04EC0-301F-11D3-BF4B-00C04F79EFBC}") = "Spotify_Recorder", "Spotify_Recorder\Spotify_Recorder.csproj", "{DAF633B7-3821-4D13-9BF2-381B72E8677F}"
EndProject
Project("{54435603-DBB4-11D2-8724-00A0C9A8B90C}") = "Setup_Spotify_Recorder", "Setup_Spotify_Recorder\Setup_Spotify_Recorder.vdproj", "{8A711CE2-5D1A-4786-BD40-D01837EFCC9B}"
EndProject
Project("{2150E333-8FDC-42A3-9474-1A3956D46DE8}") = "Solution Items", "Solution Items", "{4FAFCF81-4CDE-4440-8BF2-5E76056E9901}"
	ProjectSection(SolutionItems) = preProject
		CHANGELOG.md = CHANGELOG.md
		README.md = README.md
	EndProjectSection
EndProject
Project("{FAE04EC0-301F-11D3-BF4B-00C04F79EFBC}") = "LogBox", "LogBox\LogBox.csproj", "{AB4C5075-6A6D-4E82-8A0B-6C8BBF0540E7}"
EndProject
Project("{FAE04EC0-301F-11D3-BF4B-00C04F79EFBC}") = "SpotifyRecorder", "SpotifyRecorder\SpotifyRecorder.csproj", "{7358C8FB-485B-40D9-B274-C1185B896A3D}"
	ProjectSection(ProjectDependencies) = postProject
		{AB4C5075-6A6D-4E82-8A0B-6C8BBF0540E7} = {AB4C5075-6A6D-4E82-8A0B-6C8BBF0540E7}
	EndProjectSection
EndProject
Global
	GlobalSection(SolutionConfigurationPlatforms) = preSolution
		Debug|Any CPU = Debug|Any CPU
		Release|Any CPU = Release|Any CPU
	EndGlobalSection
	GlobalSection(ProjectConfigurationPlatforms) = postSolution
		{DAF633B7-3821-4D13-9BF2-381B72E8677F}.Debug|Any CPU.ActiveCfg = Debug|Any CPU
		{DAF633B7-3821-4D13-9BF2-381B72E8677F}.Debug|Any CPU.Build.0 = Debug|Any CPU
		{DAF633B7-3821-4D13-9BF2-381B72E8677F}.Release|Any CPU.ActiveCfg = Release|Any CPU
		{DAF633B7-3821-4D13-9BF2-381B72E8677F}.Release|Any CPU.Build.0 = Release|Any CPU
		{8A711CE2-5D1A-4786-BD40-D01837EFCC9B}.Debug|Any CPU.ActiveCfg = Debug
		{8A711CE2-5D1A-4786-BD40-D01837EFCC9B}.Release|Any CPU.ActiveCfg = Release
		{AB4C5075-6A6D-4E82-8A0B-6C8BBF0540E7}.Debug|Any CPU.ActiveCfg = Debug|Any CPU
		{AB4C5075-6A6D-4E82-8A0B-6C8BBF0540E7}.Debug|Any CPU.Build.0 = Debug|Any CPU
		{AB4C5075-6A6D-4E82-8A0B-6C8BBF0540E7}.Release|Any CPU.ActiveCfg = Release|Any CPU
		{AB4C5075-6A6D-4E82-8A0B-6C8BBF0540E7}.Release|Any CPU.Build.0 = Release|Any CPU
		{7358C8FB-485B-40D9-B274-C1185B896A3D}.Debug|Any CPU.ActiveCfg = Debug|Any CPU
		{7358C8FB-485B-40D9-B274-C1185B896A3D}.Debug|Any CPU.Build.0 = Debug|Any CPU
		{7358C8FB-485B-40D9-B274-C1185B896A3D}.Release|Any CPU.ActiveCfg = Release|Any CPU
		{7358C8FB-485B-40D9-B274-C1185B896A3D}.Release|Any CPU.Build.0 = Release|Any CPU
	EndGlobalSection
	GlobalSection(SolutionProperties) = preSolution
		HideSolutionNode = FALSE
	EndGlobalSection
	GlobalSection(ExtensibilityGlobals) = postSolution
		SolutionGuid = {E908C4C0-D2C8-46E0-BE12-40FB36933256}
	EndGlobalSection
EndGlobal
